
Microsoft Visual Studio Solution File, Format Version 12.00
# Visual Studio Version 17
VisualStudioVersion = 17.4.33213.308
MinimumVisualStudioVersion = 10.0.40219.1
Project("{FAE04EC0-301F-11D3-BF4B-00C04F79EFBC}") = "ДП_Кристиан_Вълков", "ДП_Кристиан_Вълков.csproj", "{7302F925-B218-4169-88CB-5B36A456BF33}"
EndProject
Global
	GlobalSection(SolutionConfigurationPlatforms) = preSolution
		Debug|Any CPU = Debug|Any CPU
		Release|Any CPU = Release|Any CPU
	EndGlobalSection
	GlobalSection(ProjectConfigurationPlatforms) = postSolution
		{7302F925-B218-4169-88CB-5B36A456BF33}.Debug|Any CPU.ActiveCfg = Debug|Any CPU
		{7302F925-B218-4169-88CB-5B36A456BF33}.Debug|Any CPU.Build.0 = Debug|Any CPU
		{7302F925-B218-4169-88CB-5B36A456BF33}.Release|Any CPU.ActiveCfg = Release|Any CPU
		{7302F925-B218-4169-88CB-5B36A456BF33}.Release|Any CPU.Build.0 = Release|Any CPU
	EndGlobalSection
	GlobalSection(SolutionProperties) = preSolution
		HideSolutionNode = FALSE
	EndGlobalSection
	GlobalSection(ExtensibilityGlobals) = postSolution
		SolutionGuid = {7562A109-B370-4EB7-BEC1-48A756429312}
	EndGlobalSection
EndGlobal
