
Microsoft Visual Studio Solution File, Format Version 12.00
# Visual Studio Version 17
VisualStudioVersion = 17.4.33213.308
MinimumVisualStudioVersion = 10.0.40219.1
Project("{FAE04EC0-301F-11D3-BF4B-00C04F79EFBC}") = "ДП_Кристиан_Вълков", "ДП_Кристиан_Вълков\ДП_Кристиан_Вълков.csproj", "{FADBB916-5B77-4428-920F-13F1C77032B1}"
EndProject
Global
	GlobalSection(SolutionConfigurationPlatforms) = preSolution
		Debug|Any CPU = Debug|Any CPU
		Release|Any CPU = Release|Any CPU
	EndGlobalSection
	GlobalSection(ProjectConfigurationPlatforms) = postSolution
		{FADBB916-5B77-4428-920F-13F1C77032B1}.Debug|Any CPU.ActiveCfg = Debug|Any CPU
		{FADBB916-5B77-4428-920F-13F1C77032B1}.Debug|Any CPU.Build.0 = Debug|Any CPU
		{FADBB916-5B77-4428-920F-13F1C77032B1}.Release|Any CPU.ActiveCfg = Release|Any CPU
		{FADBB916-5B77-4428-920F-13F1C77032B1}.Release|Any CPU.Build.0 = Release|Any CPU
	EndGlobalSection
	GlobalSection(SolutionProperties) = preSolution
		HideSolutionNode = FALSE
	EndGlobalSection
	GlobalSection(ExtensibilityGlobals) = postSolution
		SolutionGuid = {5BFC1AB6-ED70-4F82-B8E7-2E86940C2D38}
	EndGlobalSection
EndGlobal
